
Microsoft Visual Studio Solution File, Format Version 12.00
# Visual Studio 14
VisualStudioVersion = 14.0.23107.0
MinimumVisualStudioVersion = 10.0.40219.1
Project("{2150E333-8FDC-42A3-9474-1A3956D46DE8}") = "Chapter05", "Chapter05", "{E85287FD-1E56-4CA9-AFA3-9DD388EF0940}"
EndProject
Project("{2150E333-8FDC-42A3-9474-1A3956D46DE8}") = "Example", "Example", "{07F5C9AB-C5AE-47F7-BC6B-FFC988FDE5C5}"
EndProject
Project("{2150E333-8FDC-42A3-9474-1A3956D46DE8}") = "Exercise", "Exercise", "{5AE2C599-1717-4D94-90E5-B78C8D9394C5}"
EndProject
Project("{8BC9CEB8-8B4A-11D0-8D11-00A0C91BC942}") = "03-Swap", "Chapter05\Example\03-Swap\03-Swap.vcxproj", "{F2E2684C-C63E-40BC-A67C-FBB3A3C29A5C}"
EndProject
Project("{8BC9CEB8-8B4A-11D0-8D11-00A0C91BC942}") = "01-SimpleExample", "Chapter05\Example\01-SimpleExample\01-SimpleExample.vcxproj", "{AB973D35-29A2-4266-9FEC-28191308C002}"
EndProject
Project("{8BC9CEB8-8B4A-11D0-8D11-00A0C91BC942}") = "02-Min", "Chapter05\Example\02-Min\02-Min.vcxproj", "{83AD1098-5C89-423E-A462-788FFF262A90}"
EndProject
Project("{8BC9CEB8-8B4A-11D0-8D11-00A0C91BC942}") = "04-StringToIntAdd", "Chapter05\Example\04-StringToIntAdd\04-StringToIntAdd.vcxproj", "{0B3CB6CC-69B7-4A84-BE1E-ED8E98CE1B32}"
EndProject
Project("{8BC9CEB8-8B4A-11D0-8D11-00A0C91BC942}") = "05-Struct", "Chapter05\Example\05-Struct\05-Struct.vcxproj", "{0D87608C-C91D-4059-9ADE-22BD1F30C99E}"
EndProject
Project("{8BC9CEB8-8B4A-11D0-8D11-00A0C91BC942}") = "06-Template", "Chapter05\Example\06-Template\06-Template.vcxproj", "{D6D362AF-BA9F-4485-BD91-F1BCDCF17948}"
EndProject
Project("{8BC9CEB8-8B4A-11D0-8D11-00A0C91BC942}") = "07-WhereIsTheMarble", "Chapter05\Example\07-WhereIsTheMarble\07-WhereIsTheMarble.vcxproj", "{7CFD9316-3C4E-4E7B-B686-32AB3CA409B3}"
EndProject
Project("{8BC9CEB8-8B4A-11D0-8D11-00A0C91BC942}") = "08-TheBlocksProblem", "Chapter05\Example\08-TheBlocksProblem\08-TheBlocksProblem.vcxproj", "{CD2E32FD-007C-4FB9-8B81-E165D7DF4CF0}"
EndProject
Project("{8BC9CEB8-8B4A-11D0-8D11-00A0C91BC942}") = "09-Andy'sFirstDictionary", "Chapter05\Example\09-Andy'sFirstDictionary\09-Andy'sFirstDictionary.vcxproj", "{4226E028-879D-4337-B216-A90070D1C005}"
EndProject
Project("{2150E333-8FDC-42A3-9474-1A3956D46DE8}") = "Chapter07", "Chapter07", "{C06BE555-66FF-4D25-B51E-F068F0F9BC7D}"
EndProject
Project("{2150E333-8FDC-42A3-9474-1A3956D46DE8}") = "Example", "Example", "{C3890679-42FC-4037-8D33-4A55AB71D947}"
EndProject
Project("{8BC9CEB8-8B4A-11D0-8D11-00A0C91BC942}") = "01-Division", "Chapter07\Example\01-Division\01-Division.vcxproj", "{AE3717FC-E385-42AC-B073-9E9FB6616BD0}"
EndProject
Project("{2150E333-8FDC-42A3-9474-1A3956D46DE8}") = "Chapter04", "Chapter04", "{CB854CC4-2595-478D-B667-2EA0D045E53D}"
EndProject
Project("{2150E333-8FDC-42A3-9474-1A3956D46DE8}") = "Example", "Example", "{F445C7D8-159A-4B58-9985-2903FB59A9CC}"
EndProject
Project("{2150E333-8FDC-42A3-9474-1A3956D46DE8}") = "Exercise", "Exercise", "{7BED0958-9BE9-4DF3-9A07-112E1286C0D2}"
EndProject
Project("{8BC9CEB8-8B4A-11D0-8D11-00A0C91BC942}") = "01-CombinationNumber", "Chapter04\Example\01-CombinationNumber\01-CombinationNumber.vcxproj", "{EE38B250-95E3-499B-AD29-D7F813A7D7F4}"
EndProject
Project("{8BC9CEB8-8B4A-11D0-8D11-00A0C91BC942}") = "02-IsPrime", "Chapter04\Example\02-IsPrime\02-IsPrime.vcxproj", "{CA7B87E4-76CA-4936-A9C4-E14C03EEF2B7}"
EndProject
Project("{8BC9CEB8-8B4A-11D0-8D11-00A0C91BC942}") = "03-Swap", "Chapter04\Example\03-Swap\03-Swap.vcxproj", "{6226756B-CA59-4A46-AC74-EE92F6EF6975}"
EndProject
Project("{8BC9CEB8-8B4A-11D0-8D11-00A0C91BC942}") = "04-SumOfArray", "Chapter04\Example\04-SumOfArray\04-SumOfArray.vcxproj", "{79CDA935-2D4B-420F-9236-910DEDE2088C}"
EndProject
Project("{8BC9CEB8-8B4A-11D0-8D11-00A0C91BC942}") = "05-GeneralSumOfArray", "Chapter04\Example\05-GeneralSumOfArray\05-GeneralSumOfArray.vcxproj", "{A6760DAF-BCC9-4028-B02C-2D18453C25EB}"
EndProject
Project("{8BC9CEB8-8B4A-11D0-8D11-00A0C91BC942}") = "06-AncientCipher", "Chapter04\Example\06-AncientCipher\06-AncientCipher.vcxproj", "{8A39FA75-8B21-4EE1-A7DD-A0E83F186E55}"
EndProject
Project("{8BC9CEB8-8B4A-11D0-8D11-00A0C91BC942}") = "11-TheSetStackComputer", "Chapter05\Example\11-TheSetStackComputer\11-TheSetStackComputer.vcxproj", "{83D4A4BE-F14A-43C5-8A73-A7781D6B6D7A}"
EndProject
Project("{8BC9CEB8-8B4A-11D0-8D11-00A0C91BC942}") = "13-UglyNumbers", "Chapter05\Example\13-UglyNumbers\13-UglyNumbers.vcxproj", "{2C38DED4-2934-4A13-8121-5F6FB4E14156}"
EndProject
Project("{2150E333-8FDC-42A3-9474-1A3956D46DE8}") = "Extension", "Extension", "{BA0774DE-744F-4E7D-954F-D424377FE497}"
EndProject
Project("{8BC9CEB8-8B4A-11D0-8D11-00A0C91BC942}") = "02-Set", "Chapter05\Extension\02-Set\02-Set.vcxproj", "{61FE62A7-4E25-4EAA-8AB5-361ECA4230C7}"
EndProject
Project("{8BC9CEB8-8B4A-11D0-8D11-00A0C91BC942}") = "01-Queue", "Chapter05\Extension\01-Queue\01-Queue.vcxproj", "{97F86BCF-B41F-49FC-80DF-BA3596A62D57}"
EndProject
Project("{8BC9CEB8-8B4A-11D0-8D11-00A0C91BC942}") = "14-TestSTL", "Chapter05\Example\14-TestSTL\14-TestSTL.vcxproj", "{AE70878E-EF7F-405B-A6C3-FD6E705CC057}"
EndProject
Project("{8BC9CEB8-8B4A-11D0-8D11-00A0C91BC942}") = "15-BigInteger", "Chapter05\Example\15-BigInteger\15-BigInteger.vcxproj", "{A51D439E-2CD6-444D-BBD9-5EB31DACD036}"
EndProject
Project("{2150E333-8FDC-42A3-9474-1A3956D46DE8}") = "Chapter06", "Chapter06", "{B67B23C8-AC8C-4941-A46E-333B77DF9614}"
EndProject
Project("{2150E333-8FDC-42A3-9474-1A3956D46DE8}") = "Example", "Example", "{0304DB89-7808-4797-AA99-86DF2326B49F}"
EndProject
Global
	GlobalSection(SolutionConfigurationPlatforms) = preSolution
		Debug|x64 = Debug|x64
		Debug|x86 = Debug|x86
		Release|x64 = Release|x64
		Release|x86 = Release|x86
	EndGlobalSection
	GlobalSection(ProjectConfigurationPlatforms) = postSolution
		{F2E2684C-C63E-40BC-A67C-FBB3A3C29A5C}.Debug|x64.ActiveCfg = Debug|x64
		{F2E2684C-C63E-40BC-A67C-FBB3A3C29A5C}.Debug|x64.Build.0 = Debug|x64
		{F2E2684C-C63E-40BC-A67C-FBB3A3C29A5C}.Debug|x86.ActiveCfg = Debug|Win32
		{F2E2684C-C63E-40BC-A67C-FBB3A3C29A5C}.Debug|x86.Build.0 = Debug|Win32
		{F2E2684C-C63E-40BC-A67C-FBB3A3C29A5C}.Release|x64.ActiveCfg = Release|x64
		{F2E2684C-C63E-40BC-A67C-FBB3A3C29A5C}.Release|x64.Build.0 = Release|x64
		{F2E2684C-C63E-40BC-A67C-FBB3A3C29A5C}.Release|x86.ActiveCfg = Release|Win32
		{F2E2684C-C63E-40BC-A67C-FBB3A3C29A5C}.Release|x86.Build.0 = Release|Win32
		{AB973D35-29A2-4266-9FEC-28191308C002}.Debug|x64.ActiveCfg = Debug|x64
		{AB973D35-29A2-4266-9FEC-28191308C002}.Debug|x64.Build.0 = Debug|x64
		{AB973D35-29A2-4266-9FEC-28191308C002}.Debug|x86.ActiveCfg = Debug|Win32
		{AB973D35-29A2-4266-9FEC-28191308C002}.Debug|x86.Build.0 = Debug|Win32
		{AB973D35-29A2-4266-9FEC-28191308C002}.Release|x64.ActiveCfg = Release|x64
		{AB973D35-29A2-4266-9FEC-28191308C002}.Release|x64.Build.0 = Release|x64
		{AB973D35-29A2-4266-9FEC-28191308C002}.Release|x86.ActiveCfg = Release|Win32
		{AB973D35-29A2-4266-9FEC-28191308C002}.Release|x86.Build.0 = Release|Win32
		{83AD1098-5C89-423E-A462-788FFF262A90}.Debug|x64.ActiveCfg = Debug|x64
		{83AD1098-5C89-423E-A462-788FFF262A90}.Debug|x64.Build.0 = Debug|x64
		{83AD1098-5C89-423E-A462-788FFF262A90}.Debug|x86.ActiveCfg = Debug|Win32
		{83AD1098-5C89-423E-A462-788FFF262A90}.Debug|x86.Build.0 = Debug|Win32
		{83AD1098-5C89-423E-A462-788FFF262A90}.Release|x64.ActiveCfg = Release|x64
		{83AD1098-5C89-423E-A462-788FFF262A90}.Release|x64.Build.0 = Release|x64
		{83AD1098-5C89-423E-A462-788FFF262A90}.Release|x86.ActiveCfg = Release|Win32
		{83AD1098-5C89-423E-A462-788FFF262A90}.Release|x86.Build.0 = Release|Win32
		{0B3CB6CC-69B7-4A84-BE1E-ED8E98CE1B32}.Debug|x64.ActiveCfg = Debug|x64
		{0B3CB6CC-69B7-4A84-BE1E-ED8E98CE1B32}.Debug|x64.Build.0 = Debug|x64
		{0B3CB6CC-69B7-4A84-BE1E-ED8E98CE1B32}.Debug|x86.ActiveCfg = Debug|Win32
		{0B3CB6CC-69B7-4A84-BE1E-ED8E98CE1B32}.Debug|x86.Build.0 = Debug|Win32
		{0B3CB6CC-69B7-4A84-BE1E-ED8E98CE1B32}.Release|x64.ActiveCfg = Release|x64
		{0B3CB6CC-69B7-4A84-BE1E-ED8E98CE1B32}.Release|x64.Build.0 = Release|x64
		{0B3CB6CC-69B7-4A84-BE1E-ED8E98CE1B32}.Release|x86.ActiveCfg = Release|Win32
		{0B3CB6CC-69B7-4A84-BE1E-ED8E98CE1B32}.Release|x86.Build.0 = Release|Win32
		{0D87608C-C91D-4059-9ADE-22BD1F30C99E}.Debug|x64.ActiveCfg = Debug|x64
		{0D87608C-C91D-4059-9ADE-22BD1F30C99E}.Debug|x64.Build.0 = Debug|x64
		{0D87608C-C91D-4059-9ADE-22BD1F30C99E}.Debug|x86.ActiveCfg = Debug|Win32
		{0D87608C-C91D-4059-9ADE-22BD1F30C99E}.Debug|x86.Build.0 = Debug|Win32
		{0D87608C-C91D-4059-9ADE-22BD1F30C99E}.Release|x64.ActiveCfg = Release|x64
		{0D87608C-C91D-4059-9ADE-22BD1F30C99E}.Release|x64.Build.0 = Release|x64
		{0D87608C-C91D-4059-9ADE-22BD1F30C99E}.Release|x86.ActiveCfg = Release|Win32
		{0D87608C-C91D-4059-9ADE-22BD1F30C99E}.Release|x86.Build.0 = Release|Win32
		{D6D362AF-BA9F-4485-BD91-F1BCDCF17948}.Debug|x64.ActiveCfg = Debug|x64
		{D6D362AF-BA9F-4485-BD91-F1BCDCF17948}.Debug|x64.Build.0 = Debug|x64
		{D6D362AF-BA9F-4485-BD91-F1BCDCF17948}.Debug|x86.ActiveCfg = Debug|Win32
		{D6D362AF-BA9F-4485-BD91-F1BCDCF17948}.Debug|x86.Build.0 = Debug|Win32
		{D6D362AF-BA9F-4485-BD91-F1BCDCF17948}.Release|x64.ActiveCfg = Release|x64
		{D6D362AF-BA9F-4485-BD91-F1BCDCF17948}.Release|x64.Build.0 = Release|x64
		{D6D362AF-BA9F-4485-BD91-F1BCDCF17948}.Release|x86.ActiveCfg = Release|Win32
		{D6D362AF-BA9F-4485-BD91-F1BCDCF17948}.Release|x86.Build.0 = Release|Win32
		{7CFD9316-3C4E-4E7B-B686-32AB3CA409B3}.Debug|x64.ActiveCfg = Debug|x64
		{7CFD9316-3C4E-4E7B-B686-32AB3CA409B3}.Debug|x64.Build.0 = Debug|x64
		{7CFD9316-3C4E-4E7B-B686-32AB3CA409B3}.Debug|x86.ActiveCfg = Debug|Win32
		{7CFD9316-3C4E-4E7B-B686-32AB3CA409B3}.Debug|x86.Build.0 = Debug|Win32
		{7CFD9316-3C4E-4E7B-B686-32AB3CA409B3}.Release|x64.ActiveCfg = Release|x64
		{7CFD9316-3C4E-4E7B-B686-32AB3CA409B3}.Release|x64.Build.0 = Release|x64
		{7CFD9316-3C4E-4E7B-B686-32AB3CA409B3}.Release|x86.ActiveCfg = Release|Win32
		{7CFD9316-3C4E-4E7B-B686-32AB3CA409B3}.Release|x86.Build.0 = Release|Win32
		{CD2E32FD-007C-4FB9-8B81-E165D7DF4CF0}.Debug|x64.ActiveCfg = Debug|x64
		{CD2E32FD-007C-4FB9-8B81-E165D7DF4CF0}.Debug|x64.Build.0 = Debug|x64
		{CD2E32FD-007C-4FB9-8B81-E165D7DF4CF0}.Debug|x86.ActiveCfg = Debug|Win32
		{CD2E32FD-007C-4FB9-8B81-E165D7DF4CF0}.Debug|x86.Build.0 = Debug|Win32
		{CD2E32FD-007C-4FB9-8B81-E165D7DF4CF0}.Release|x64.ActiveCfg = Release|x64
		{CD2E32FD-007C-4FB9-8B81-E165D7DF4CF0}.Release|x64.Build.0 = Release|x64
		{CD2E32FD-007C-4FB9-8B81-E165D7DF4CF0}.Release|x86.ActiveCfg = Release|Win32
		{CD2E32FD-007C-4FB9-8B81-E165D7DF4CF0}.Release|x86.Build.0 = Release|Win32
		{4226E028-879D-4337-B216-A90070D1C005}.Debug|x64.ActiveCfg = Debug|x64
		{4226E028-879D-4337-B216-A90070D1C005}.Debug|x64.Build.0 = Debug|x64
		{4226E028-879D-4337-B216-A90070D1C005}.Debug|x86.ActiveCfg = Debug|Win32
		{4226E028-879D-4337-B216-A90070D1C005}.Debug|x86.Build.0 = Debug|Win32
		{4226E028-879D-4337-B216-A90070D1C005}.Release|x64.ActiveCfg = Release|x64
		{4226E028-879D-4337-B216-A90070D1C005}.Release|x64.Build.0 = Release|x64
		{4226E028-879D-4337-B216-A90070D1C005}.Release|x86.ActiveCfg = Release|Win32
		{4226E028-879D-4337-B216-A90070D1C005}.Release|x86.Build.0 = Release|Win32
		{AE3717FC-E385-42AC-B073-9E9FB6616BD0}.Debug|x64.ActiveCfg = Debug|x64
		{AE3717FC-E385-42AC-B073-9E9FB6616BD0}.Debug|x64.Build.0 = Debug|x64
		{AE3717FC-E385-42AC-B073-9E9FB6616BD0}.Debug|x86.ActiveCfg = Debug|Win32
		{AE3717FC-E385-42AC-B073-9E9FB6616BD0}.Debug|x86.Build.0 = Debug|Win32
		{AE3717FC-E385-42AC-B073-9E9FB6616BD0}.Release|x64.ActiveCfg = Release|x64
		{AE3717FC-E385-42AC-B073-9E9FB6616BD0}.Release|x64.Build.0 = Release|x64
		{AE3717FC-E385-42AC-B073-9E9FB6616BD0}.Release|x86.ActiveCfg = Release|Win32
		{AE3717FC-E385-42AC-B073-9E9FB6616BD0}.Release|x86.Build.0 = Release|Win32
		{EE38B250-95E3-499B-AD29-D7F813A7D7F4}.Debug|x64.ActiveCfg = Debug|x64
		{EE38B250-95E3-499B-AD29-D7F813A7D7F4}.Debug|x64.Build.0 = Debug|x64
		{EE38B250-95E3-499B-AD29-D7F813A7D7F4}.Debug|x86.ActiveCfg = Debug|Win32
		{EE38B250-95E3-499B-AD29-D7F813A7D7F4}.Debug|x86.Build.0 = Debug|Win32
		{EE38B250-95E3-499B-AD29-D7F813A7D7F4}.Release|x64.ActiveCfg = Release|x64
		{EE38B250-95E3-499B-AD29-D7F813A7D7F4}.Release|x64.Build.0 = Release|x64
		{EE38B250-95E3-499B-AD29-D7F813A7D7F4}.Release|x86.ActiveCfg = Release|Win32
		{EE38B250-95E3-499B-AD29-D7F813A7D7F4}.Release|x86.Build.0 = Release|Win32
		{CA7B87E4-76CA-4936-A9C4-E14C03EEF2B7}.Debug|x64.ActiveCfg = Debug|x64
		{CA7B87E4-76CA-4936-A9C4-E14C03EEF2B7}.Debug|x64.Build.0 = Debug|x64
		{CA7B87E4-76CA-4936-A9C4-E14C03EEF2B7}.Debug|x86.ActiveCfg = Debug|Win32
		{CA7B87E4-76CA-4936-A9C4-E14C03EEF2B7}.Debug|x86.Build.0 = Debug|Win32
		{CA7B87E4-76CA-4936-A9C4-E14C03EEF2B7}.Release|x64.ActiveCfg = Release|x64
		{CA7B87E4-76CA-4936-A9C4-E14C03EEF2B7}.Release|x64.Build.0 = Release|x64
		{CA7B87E4-76CA-4936-A9C4-E14C03EEF2B7}.Release|x86.ActiveCfg = Release|Win32
		{CA7B87E4-76CA-4936-A9C4-E14C03EEF2B7}.Release|x86.Build.0 = Release|Win32
		{6226756B-CA59-4A46-AC74-EE92F6EF6975}.Debug|x64.ActiveCfg = Debug|x64
		{6226756B-CA59-4A46-AC74-EE92F6EF6975}.Debug|x64.Build.0 = Debug|x64
		{6226756B-CA59-4A46-AC74-EE92F6EF6975}.Debug|x86.ActiveCfg = Debug|Win32
		{6226756B-CA59-4A46-AC74-EE92F6EF6975}.Debug|x86.Build.0 = Debug|Win32
		{6226756B-CA59-4A46-AC74-EE92F6EF6975}.Release|x64.ActiveCfg = Release|x64
		{6226756B-CA59-4A46-AC74-EE92F6EF6975}.Release|x64.Build.0 = Release|x64
		{6226756B-CA59-4A46-AC74-EE92F6EF6975}.Release|x86.ActiveCfg = Release|Win32
		{6226756B-CA59-4A46-AC74-EE92F6EF6975}.Release|x86.Build.0 = Release|Win32
		{79CDA935-2D4B-420F-9236-910DEDE2088C}.Debug|x64.ActiveCfg = Debug|x64
		{79CDA935-2D4B-420F-9236-910DEDE2088C}.Debug|x64.Build.0 = Debug|x64
		{79CDA935-2D4B-420F-9236-910DEDE2088C}.Debug|x86.ActiveCfg = Debug|Win32
		{79CDA935-2D4B-420F-9236-910DEDE2088C}.Debug|x86.Build.0 = Debug|Win32
		{79CDA935-2D4B-420F-9236-910DEDE2088C}.Release|x64.ActiveCfg = Release|x64
		{79CDA935-2D4B-420F-9236-910DEDE2088C}.Release|x64.Build.0 = Release|x64
		{79CDA935-2D4B-420F-9236-910DEDE2088C}.Release|x86.ActiveCfg = Release|Win32
		{79CDA935-2D4B-420F-9236-910DEDE2088C}.Release|x86.Build.0 = Release|Win32
		{A6760DAF-BCC9-4028-B02C-2D18453C25EB}.Debug|x64.ActiveCfg = Debug|x64
		{A6760DAF-BCC9-4028-B02C-2D18453C25EB}.Debug|x64.Build.0 = Debug|x64
		{A6760DAF-BCC9-4028-B02C-2D18453C25EB}.Debug|x86.ActiveCfg = Debug|Win32
		{A6760DAF-BCC9-4028-B02C-2D18453C25EB}.Debug|x86.Build.0 = Debug|Win32
		{A6760DAF-BCC9-4028-B02C-2D18453C25EB}.Release|x64.ActiveCfg = Release|x64
		{A6760DAF-BCC9-4028-B02C-2D18453C25EB}.Release|x64.Build.0 = Release|x64
		{A6760DAF-BCC9-4028-B02C-2D18453C25EB}.Release|x86.ActiveCfg = Release|Win32
		{A6760DAF-BCC9-4028-B02C-2D18453C25EB}.Release|x86.Build.0 = Release|Win32
		{8A39FA75-8B21-4EE1-A7DD-A0E83F186E55}.Debug|x64.ActiveCfg = Debug|x64
		{8A39FA75-8B21-4EE1-A7DD-A0E83F186E55}.Debug|x64.Build.0 = Debug|x64
		{8A39FA75-8B21-4EE1-A7DD-A0E83F186E55}.Debug|x86.ActiveCfg = Debug|Win32
		{8A39FA75-8B21-4EE1-A7DD-A0E83F186E55}.Debug|x86.Build.0 = Debug|Win32
		{8A39FA75-8B21-4EE1-A7DD-A0E83F186E55}.Release|x64.ActiveCfg = Release|x64
		{8A39FA75-8B21-4EE1-A7DD-A0E83F186E55}.Release|x64.Build.0 = Release|x64
		{8A39FA75-8B21-4EE1-A7DD-A0E83F186E55}.Release|x86.ActiveCfg = Release|Win32
		{8A39FA75-8B21-4EE1-A7DD-A0E83F186E55}.Release|x86.Build.0 = Release|Win32
		{83D4A4BE-F14A-43C5-8A73-A7781D6B6D7A}.Debug|x64.ActiveCfg = Debug|x64
		{83D4A4BE-F14A-43C5-8A73-A7781D6B6D7A}.Debug|x64.Build.0 = Debug|x64
		{83D4A4BE-F14A-43C5-8A73-A7781D6B6D7A}.Debug|x86.ActiveCfg = Debug|Win32
		{83D4A4BE-F14A-43C5-8A73-A7781D6B6D7A}.Debug|x86.Build.0 = Debug|Win32
		{83D4A4BE-F14A-43C5-8A73-A7781D6B6D7A}.Release|x64.ActiveCfg = Release|x64
		{83D4A4BE-F14A-43C5-8A73-A7781D6B6D7A}.Release|x64.Build.0 = Release|x64
		{83D4A4BE-F14A-43C5-8A73-A7781D6B6D7A}.Release|x86.ActiveCfg = Release|Win32
		{83D4A4BE-F14A-43C5-8A73-A7781D6B6D7A}.Release|x86.Build.0 = Release|Win32
		{2C38DED4-2934-4A13-8121-5F6FB4E14156}.Debug|x64.ActiveCfg = Debug|x64
		{2C38DED4-2934-4A13-8121-5F6FB4E14156}.Debug|x64.Build.0 = Debug|x64
		{2C38DED4-2934-4A13-8121-5F6FB4E14156}.Debug|x86.ActiveCfg = Debug|Win32
		{2C38DED4-2934-4A13-8121-5F6FB4E14156}.Debug|x86.Build.0 = Debug|Win32
		{2C38DED4-2934-4A13-8121-5F6FB4E14156}.Release|x64.ActiveCfg = Release|x64
		{2C38DED4-2934-4A13-8121-5F6FB4E14156}.Release|x64.Build.0 = Release|x64
		{2C38DED4-2934-4A13-8121-5F6FB4E14156}.Release|x86.ActiveCfg = Release|Win32
		{2C38DED4-2934-4A13-8121-5F6FB4E14156}.Release|x86.Build.0 = Release|Win32
		{61FE62A7-4E25-4EAA-8AB5-361ECA4230C7}.Debug|x64.ActiveCfg = Debug|x64
		{61FE62A7-4E25-4EAA-8AB5-361ECA4230C7}.Debug|x64.Build.0 = Debug|x64
		{61FE62A7-4E25-4EAA-8AB5-361ECA4230C7}.Debug|x86.ActiveCfg = Debug|Win32
		{61FE62A7-4E25-4EAA-8AB5-361ECA4230C7}.Debug|x86.Build.0 = Debug|Win32
		{61FE62A7-4E25-4EAA-8AB5-361ECA4230C7}.Release|x64.ActiveCfg = Release|x64
		{61FE62A7-4E25-4EAA-8AB5-361ECA4230C7}.Release|x64.Build.0 = Release|x64
		{61FE62A7-4E25-4EAA-8AB5-361ECA4230C7}.Release|x86.ActiveCfg = Release|Win32
		{61FE62A7-4E25-4EAA-8AB5-361ECA4230C7}.Release|x86.Build.0 = Release|Win32
		{97F86BCF-B41F-49FC-80DF-BA3596A62D57}.Debug|x64.ActiveCfg = Debug|x64
		{97F86BCF-B41F-49FC-80DF-BA3596A62D57}.Debug|x64.Build.0 = Debug|x64
		{97F86BCF-B41F-49FC-80DF-BA3596A62D57}.Debug|x86.ActiveCfg = Debug|Win32
		{97F86BCF-B41F-49FC-80DF-BA3596A62D57}.Debug|x86.Build.0 = Debug|Win32
		{97F86BCF-B41F-49FC-80DF-BA3596A62D57}.Release|x64.ActiveCfg = Release|x64
		{97F86BCF-B41F-49FC-80DF-BA3596A62D57}.Release|x64.Build.0 = Release|x64
		{97F86BCF-B41F-49FC-80DF-BA3596A62D57}.Release|x86.ActiveCfg = Release|Win32
		{97F86BCF-B41F-49FC-80DF-BA3596A62D57}.Release|x86.Build.0 = Release|Win32
		{AE70878E-EF7F-405B-A6C3-FD6E705CC057}.Debug|x64.ActiveCfg = Debug|x64
		{AE70878E-EF7F-405B-A6C3-FD6E705CC057}.Debug|x64.Build.0 = Debug|x64
		{AE70878E-EF7F-405B-A6C3-FD6E705CC057}.Debug|x86.ActiveCfg = Debug|Win32
		{AE70878E-EF7F-405B-A6C3-FD6E705CC057}.Debug|x86.Build.0 = Debug|Win32
		{AE70878E-EF7F-405B-A6C3-FD6E705CC057}.Release|x64.ActiveCfg = Release|x64
		{AE70878E-EF7F-405B-A6C3-FD6E705CC057}.Release|x64.Build.0 = Release|x64
		{AE70878E-EF7F-405B-A6C3-FD6E705CC057}.Release|x86.ActiveCfg = Release|Win32
		{AE70878E-EF7F-405B-A6C3-FD6E705CC057}.Release|x86.Build.0 = Release|Win32
		{A51D439E-2CD6-444D-BBD9-5EB31DACD036}.Debug|x64.ActiveCfg = Debug|x64
		{A51D439E-2CD6-444D-BBD9-5EB31DACD036}.Debug|x64.Build.0 = Debug|x64
		{A51D439E-2CD6-444D-BBD9-5EB31DACD036}.Debug|x86.ActiveCfg = Debug|Win32
		{A51D439E-2CD6-444D-BBD9-5EB31DACD036}.Debug|x86.Build.0 = Debug|Win32
		{A51D439E-2CD6-444D-BBD9-5EB31DACD036}.Release|x64.ActiveCfg = Release|x64
		{A51D439E-2CD6-444D-BBD9-5EB31DACD036}.Release|x64.Build.0 = Release|x64
		{A51D439E-2CD6-444D-BBD9-5EB31DACD036}.Release|x86.ActiveCfg = Release|Win32
		{A51D439E-2CD6-444D-BBD9-5EB31DACD036}.Release|x86.Build.0 = Release|Win32
	EndGlobalSection
	GlobalSection(SolutionProperties) = preSolution
		HideSolutionNode = FALSE
	EndGlobalSection
	GlobalSection(NestedProjects) = preSolution
		{07F5C9AB-C5AE-47F7-BC6B-FFC988FDE5C5} = {E85287FD-1E56-4CA9-AFA3-9DD388EF0940}
		{5AE2C599-1717-4D94-90E5-B78C8D9394C5} = {E85287FD-1E56-4CA9-AFA3-9DD388EF0940}
		{F2E2684C-C63E-40BC-A67C-FBB3A3C29A5C} = {07F5C9AB-C5AE-47F7-BC6B-FFC988FDE5C5}
		{AB973D35-29A2-4266-9FEC-28191308C002} = {07F5C9AB-C5AE-47F7-BC6B-FFC988FDE5C5}
		{83AD1098-5C89-423E-A462-788FFF262A90} = {07F5C9AB-C5AE-47F7-BC6B-FFC988FDE5C5}
		{0B3CB6CC-69B7-4A84-BE1E-ED8E98CE1B32} = {07F5C9AB-C5AE-47F7-BC6B-FFC988FDE5C5}
		{0D87608C-C91D-4059-9ADE-22BD1F30C99E} = {07F5C9AB-C5AE-47F7-BC6B-FFC988FDE5C5}
		{D6D362AF-BA9F-4485-BD91-F1BCDCF17948} = {07F5C9AB-C5AE-47F7-BC6B-FFC988FDE5C5}
		{7CFD9316-3C4E-4E7B-B686-32AB3CA409B3} = {07F5C9AB-C5AE-47F7-BC6B-FFC988FDE5C5}
		{CD2E32FD-007C-4FB9-8B81-E165D7DF4CF0} = {07F5C9AB-C5AE-47F7-BC6B-FFC988FDE5C5}
		{4226E028-879D-4337-B216-A90070D1C005} = {07F5C9AB-C5AE-47F7-BC6B-FFC988FDE5C5}
		{C3890679-42FC-4037-8D33-4A55AB71D947} = {C06BE555-66FF-4D25-B51E-F068F0F9BC7D}
		{AE3717FC-E385-42AC-B073-9E9FB6616BD0} = {C3890679-42FC-4037-8D33-4A55AB71D947}
		{F445C7D8-159A-4B58-9985-2903FB59A9CC} = {CB854CC4-2595-478D-B667-2EA0D045E53D}
		{7BED0958-9BE9-4DF3-9A07-112E1286C0D2} = {CB854CC4-2595-478D-B667-2EA0D045E53D}
		{EE38B250-95E3-499B-AD29-D7F813A7D7F4} = {F445C7D8-159A-4B58-9985-2903FB59A9CC}
		{CA7B87E4-76CA-4936-A9C4-E14C03EEF2B7} = {F445C7D8-159A-4B58-9985-2903FB59A9CC}
		{6226756B-CA59-4A46-AC74-EE92F6EF6975} = {F445C7D8-159A-4B58-9985-2903FB59A9CC}
		{79CDA935-2D4B-420F-9236-910DEDE2088C} = {F445C7D8-159A-4B58-9985-2903FB59A9CC}
		{A6760DAF-BCC9-4028-B02C-2D18453C25EB} = {F445C7D8-159A-4B58-9985-2903FB59A9CC}
		{8A39FA75-8B21-4EE1-A7DD-A0E83F186E55} = {F445C7D8-159A-4B58-9985-2903FB59A9CC}
		{83D4A4BE-F14A-43C5-8A73-A7781D6B6D7A} = {07F5C9AB-C5AE-47F7-BC6B-FFC988FDE5C5}
		{2C38DED4-2934-4A13-8121-5F6FB4E14156} = {07F5C9AB-C5AE-47F7-BC6B-FFC988FDE5C5}
		{BA0774DE-744F-4E7D-954F-D424377FE497} = {E85287FD-1E56-4CA9-AFA3-9DD388EF0940}
		{61FE62A7-4E25-4EAA-8AB5-361ECA4230C7} = {BA0774DE-744F-4E7D-954F-D424377FE497}
		{97F86BCF-B41F-49FC-80DF-BA3596A62D57} = {BA0774DE-744F-4E7D-954F-D424377FE497}
		{AE70878E-EF7F-405B-A6C3-FD6E705CC057} = {07F5C9AB-C5AE-47F7-BC6B-FFC988FDE5C5}
		{A51D439E-2CD6-444D-BBD9-5EB31DACD036} = {07F5C9AB-C5AE-47F7-BC6B-FFC988FDE5C5}
		{0304DB89-7808-4797-AA99-86DF2326B49F} = {B67B23C8-AC8C-4941-A46E-333B77DF9614}
	EndGlobalSection
EndGlobal
