
Microsoft Visual Studio Solution File, Format Version 12.00
# Visual Studio 14
VisualStudioVersion = 14.0.23107.0
MinimumVisualStudioVersion = 10.0.40219.1
Project("{2150E333-8FDC-42A3-9474-1A3956D46DE8}") = "Chapter05", "Chapter05", "{E85287FD-1E56-4CA9-AFA3-9DD388EF0940}"
EndProject
Project("{2150E333-8FDC-42A3-9474-1A3956D46DE8}") = "Example", "Example", "{07F5C9AB-C5AE-47F7-BC6B-FFC988FDE5C5}"
EndProject
Project("{2150E333-8FDC-42A3-9474-1A3956D46DE8}") = "Test", "Test", "{5AE2C599-1717-4D94-90E5-B78C8D9394C5}"
EndProject
Project("{8BC9CEB8-8B4A-11D0-8D11-00A0C91BC942}") = "03-Swap", "Chapter05\Example\03-Swap\03-Swap.vcxproj", "{F2E2684C-C63E-40BC-A67C-FBB3A3C29A5C}"
EndProject
Project("{8BC9CEB8-8B4A-11D0-8D11-00A0C91BC942}") = "01-SimpleExample", "Chapter05\Example\01-SimpleExample\01-SimpleExample.vcxproj", "{AB973D35-29A2-4266-9FEC-28191308C002}"
EndProject
Project("{8BC9CEB8-8B4A-11D0-8D11-00A0C91BC942}") = "02-Min", "Chapter05\Example\02-Min\02-Min.vcxproj", "{83AD1098-5C89-423E-A462-788FFF262A90}"
EndProject
Project("{8BC9CEB8-8B4A-11D0-8D11-00A0C91BC942}") = "04-StringToIntAdd", "Chapter05\Example\04-StringToIntAdd\04-StringToIntAdd.vcxproj", "{0B3CB6CC-69B7-4A84-BE1E-ED8E98CE1B32}"
EndProject
Global
	GlobalSection(SolutionConfigurationPlatforms) = preSolution
		Debug|x64 = Debug|x64
		Debug|x86 = Debug|x86
		Release|x64 = Release|x64
		Release|x86 = Release|x86
	EndGlobalSection
	GlobalSection(ProjectConfigurationPlatforms) = postSolution
		{F2E2684C-C63E-40BC-A67C-FBB3A3C29A5C}.Debug|x64.ActiveCfg = Debug|x64
		{F2E2684C-C63E-40BC-A67C-FBB3A3C29A5C}.Debug|x64.Build.0 = Debug|x64
		{F2E2684C-C63E-40BC-A67C-FBB3A3C29A5C}.Debug|x86.ActiveCfg = Debug|Win32
		{F2E2684C-C63E-40BC-A67C-FBB3A3C29A5C}.Debug|x86.Build.0 = Debug|Win32
		{F2E2684C-C63E-40BC-A67C-FBB3A3C29A5C}.Release|x64.ActiveCfg = Release|x64
		{F2E2684C-C63E-40BC-A67C-FBB3A3C29A5C}.Release|x64.Build.0 = Release|x64
		{F2E2684C-C63E-40BC-A67C-FBB3A3C29A5C}.Release|x86.ActiveCfg = Release|Win32
		{F2E2684C-C63E-40BC-A67C-FBB3A3C29A5C}.Release|x86.Build.0 = Release|Win32
		{AB973D35-29A2-4266-9FEC-28191308C002}.Debug|x64.ActiveCfg = Debug|x64
		{AB973D35-29A2-4266-9FEC-28191308C002}.Debug|x64.Build.0 = Debug|x64
		{AB973D35-29A2-4266-9FEC-28191308C002}.Debug|x86.ActiveCfg = Debug|Win32
		{AB973D35-29A2-4266-9FEC-28191308C002}.Debug|x86.Build.0 = Debug|Win32
		{AB973D35-29A2-4266-9FEC-28191308C002}.Release|x64.ActiveCfg = Release|x64
		{AB973D35-29A2-4266-9FEC-28191308C002}.Release|x64.Build.0 = Release|x64
		{AB973D35-29A2-4266-9FEC-28191308C002}.Release|x86.ActiveCfg = Release|Win32
		{AB973D35-29A2-4266-9FEC-28191308C002}.Release|x86.Build.0 = Release|Win32
		{83AD1098-5C89-423E-A462-788FFF262A90}.Debug|x64.ActiveCfg = Debug|x64
		{83AD1098-5C89-423E-A462-788FFF262A90}.Debug|x64.Build.0 = Debug|x64
		{83AD1098-5C89-423E-A462-788FFF262A90}.Debug|x86.ActiveCfg = Debug|Win32
		{83AD1098-5C89-423E-A462-788FFF262A90}.Debug|x86.Build.0 = Debug|Win32
		{83AD1098-5C89-423E-A462-788FFF262A90}.Release|x64.ActiveCfg = Release|x64
		{83AD1098-5C89-423E-A462-788FFF262A90}.Release|x64.Build.0 = Release|x64
		{83AD1098-5C89-423E-A462-788FFF262A90}.Release|x86.ActiveCfg = Release|Win32
		{83AD1098-5C89-423E-A462-788FFF262A90}.Release|x86.Build.0 = Release|Win32
		{0B3CB6CC-69B7-4A84-BE1E-ED8E98CE1B32}.Debug|x64.ActiveCfg = Debug|x64
		{0B3CB6CC-69B7-4A84-BE1E-ED8E98CE1B32}.Debug|x64.Build.0 = Debug|x64
		{0B3CB6CC-69B7-4A84-BE1E-ED8E98CE1B32}.Debug|x86.ActiveCfg = Debug|Win32
		{0B3CB6CC-69B7-4A84-BE1E-ED8E98CE1B32}.Debug|x86.Build.0 = Debug|Win32
		{0B3CB6CC-69B7-4A84-BE1E-ED8E98CE1B32}.Release|x64.ActiveCfg = Release|x64
		{0B3CB6CC-69B7-4A84-BE1E-ED8E98CE1B32}.Release|x64.Build.0 = Release|x64
		{0B3CB6CC-69B7-4A84-BE1E-ED8E98CE1B32}.Release|x86.ActiveCfg = Release|Win32
		{0B3CB6CC-69B7-4A84-BE1E-ED8E98CE1B32}.Release|x86.Build.0 = Release|Win32
	EndGlobalSection
	GlobalSection(SolutionProperties) = preSolution
		HideSolutionNode = FALSE
	EndGlobalSection
	GlobalSection(NestedProjects) = preSolution
		{07F5C9AB-C5AE-47F7-BC6B-FFC988FDE5C5} = {E85287FD-1E56-4CA9-AFA3-9DD388EF0940}
		{5AE2C599-1717-4D94-90E5-B78C8D9394C5} = {E85287FD-1E56-4CA9-AFA3-9DD388EF0940}
		{F2E2684C-C63E-40BC-A67C-FBB3A3C29A5C} = {07F5C9AB-C5AE-47F7-BC6B-FFC988FDE5C5}
		{AB973D35-29A2-4266-9FEC-28191308C002} = {07F5C9AB-C5AE-47F7-BC6B-FFC988FDE5C5}
		{83AD1098-5C89-423E-A462-788FFF262A90} = {07F5C9AB-C5AE-47F7-BC6B-FFC988FDE5C5}
		{0B3CB6CC-69B7-4A84-BE1E-ED8E98CE1B32} = {07F5C9AB-C5AE-47F7-BC6B-FFC988FDE5C5}
	EndGlobalSection
EndGlobal
